
Microsoft Visual Studio Solution File, Format Version 12.00
# Visual Studio Version 17
VisualStudioVersion = 17.11.35222.181
MinimumVisualStudioVersion = 10.0.40219.1
Project("{9A19103F-16F7-4668-BE54-9A1E7A4F7556}") = "ESD.SearchService", "SearchService\ESD.SearchService.csproj", "{6277718A-116B-411D-8A52-2ED2F236E795}"
EndProject
Project("{9A19103F-16F7-4668-BE54-9A1E7A4F7556}") = "ESD.Core", "Core\ESD.Core.csproj", "{AD7A3383-938F-4880-A491-A1581ED3920D}"
EndProject
Project("{9A19103F-16F7-4668-BE54-9A1E7A4F7556}") = "ESD.Domain", "Domain\ESD.Domain.csproj", "{C58F5C77-9E28-4D03-8904-FBA99009662E}"
EndProject
Project("{9A19103F-16F7-4668-BE54-9A1E7A4F7556}") = "ESD.SearchEngine", "SearchEngine\ESD.SearchEngine.csproj", "{2CDCAF7E-76C1-4BD3-B8C3-D5A995DB2121}"
EndProject
Project("{9A19103F-16F7-4668-BE54-9A1E7A4F7556}") = "ESD.DataReaderService", "DataReaderService\ESD.DataReaderService.csproj", "{0A4743A9-0AE8-46AB-8C77-BA638FAA93FE}"
EndProject
Project("{9A19103F-16F7-4668-BE54-9A1E7A4F7556}") = "ESD.MessageBus", "MessageBus\ESD.MessageBus.csproj", "{77D6E2D1-3F18-4DC8-9D1E-081343DF94F0}"
EndProject
Project("{9A19103F-16F7-4668-BE54-9A1E7A4F7556}") = "ESD.MessageBus.RabbitMQ", "MessageBus.RabbitMQ\ESD.MessageBus.RabbitMQ.csproj", "{1C1FBE67-4B94-482E-9ACC-3F488069A95A}"
EndProject
Global
	GlobalSection(SolutionConfigurationPlatforms) = preSolution
		Debug|Any CPU = Debug|Any CPU
		Release|Any CPU = Release|Any CPU
	EndGlobalSection
	GlobalSection(ProjectConfigurationPlatforms) = postSolution
		{6277718A-116B-411D-8A52-2ED2F236E795}.Debug|Any CPU.ActiveCfg = Debug|Any CPU
		{6277718A-116B-411D-8A52-2ED2F236E795}.Debug|Any CPU.Build.0 = Debug|Any CPU
		{6277718A-116B-411D-8A52-2ED2F236E795}.Release|Any CPU.ActiveCfg = Release|Any CPU
		{6277718A-116B-411D-8A52-2ED2F236E795}.Release|Any CPU.Build.0 = Release|Any CPU
		{AD7A3383-938F-4880-A491-A1581ED3920D}.Debug|Any CPU.ActiveCfg = Debug|Any CPU
		{AD7A3383-938F-4880-A491-A1581ED3920D}.Debug|Any CPU.Build.0 = Debug|Any CPU
		{AD7A3383-938F-4880-A491-A1581ED3920D}.Release|Any CPU.ActiveCfg = Release|Any CPU
		{AD7A3383-938F-4880-A491-A1581ED3920D}.Release|Any CPU.Build.0 = Release|Any CPU
		{C58F5C77-9E28-4D03-8904-FBA99009662E}.Debug|Any CPU.ActiveCfg = Debug|Any CPU
		{C58F5C77-9E28-4D03-8904-FBA99009662E}.Debug|Any CPU.Build.0 = Debug|Any CPU
		{C58F5C77-9E28-4D03-8904-FBA99009662E}.Release|Any CPU.ActiveCfg = Release|Any CPU
		{C58F5C77-9E28-4D03-8904-FBA99009662E}.Release|Any CPU.Build.0 = Release|Any CPU
		{2CDCAF7E-76C1-4BD3-B8C3-D5A995DB2121}.Debug|Any CPU.ActiveCfg = Debug|Any CPU
		{2CDCAF7E-76C1-4BD3-B8C3-D5A995DB2121}.Debug|Any CPU.Build.0 = Debug|Any CPU
		{2CDCAF7E-76C1-4BD3-B8C3-D5A995DB2121}.Release|Any CPU.ActiveCfg = Release|Any CPU
		{2CDCAF7E-76C1-4BD3-B8C3-D5A995DB2121}.Release|Any CPU.Build.0 = Release|Any CPU
		{0A4743A9-0AE8-46AB-8C77-BA638FAA93FE}.Debug|Any CPU.ActiveCfg = Debug|Any CPU
		{0A4743A9-0AE8-46AB-8C77-BA638FAA93FE}.Debug|Any CPU.Build.0 = Debug|Any CPU
		{0A4743A9-0AE8-46AB-8C77-BA638FAA93FE}.Release|Any CPU.ActiveCfg = Release|Any CPU
		{0A4743A9-0AE8-46AB-8C77-BA638FAA93FE}.Release|Any CPU.Build.0 = Release|Any CPU
		{77D6E2D1-3F18-4DC8-9D1E-081343DF94F0}.Debug|Any CPU.ActiveCfg = Debug|Any CPU
		{77D6E2D1-3F18-4DC8-9D1E-081343DF94F0}.Debug|Any CPU.Build.0 = Debug|Any CPU
		{77D6E2D1-3F18-4DC8-9D1E-081343DF94F0}.Release|Any CPU.ActiveCfg = Release|Any CPU
		{77D6E2D1-3F18-4DC8-9D1E-081343DF94F0}.Release|Any CPU.Build.0 = Release|Any CPU
		{1C1FBE67-4B94-482E-9ACC-3F488069A95A}.Debug|Any CPU.ActiveCfg = Debug|Any CPU
		{1C1FBE67-4B94-482E-9ACC-3F488069A95A}.Debug|Any CPU.Build.0 = Debug|Any CPU
		{1C1FBE67-4B94-482E-9ACC-3F488069A95A}.Release|Any CPU.ActiveCfg = Release|Any CPU
		{1C1FBE67-4B94-482E-9ACC-3F488069A95A}.Release|Any CPU.Build.0 = Release|Any CPU
	EndGlobalSection
	GlobalSection(SolutionProperties) = preSolution
		HideSolutionNode = FALSE
	EndGlobalSection
	GlobalSection(ExtensibilityGlobals) = postSolution
		SolutionGuid = {82A93D1E-1E0D-4E81-9BB9-2D3A63D11826}
	EndGlobalSection
EndGlobal
