
Microsoft Visual Studio Solution File, Format Version 12.00
# Visual Studio Version 17
VisualStudioVersion = 17.11.35222.181
MinimumVisualStudioVersion = 10.0.40219.1
Project("{FAE04EC0-301F-11D3-BF4B-00C04F79EFBC}") = "SearchService", "SearchService\SearchService.csproj", "{6277718A-116B-411D-8A52-2ED2F236E795}"
EndProject
Project("{FAE04EC0-301F-11D3-BF4B-00C04F79EFBC}") = "Core", "Core\Core.csproj", "{AD7A3383-938F-4880-A491-A1581ED3920D}"
EndProject
Project("{FAE04EC0-301F-11D3-BF4B-00C04F79EFBC}") = "Domain", "Domain\Domain.csproj", "{C58F5C77-9E28-4D03-8904-FBA99009662E}"
EndProject
Project("{FAE04EC0-301F-11D3-BF4B-00C04F79EFBC}") = "SearchEngine", "SearchEngine\SearchEngine.csproj", "{2CDCAF7E-76C1-4BD3-B8C3-D5A995DB2121}"
EndProject
Project("{FAE04EC0-301F-11D3-BF4B-00C04F79EFBC}") = "DataReaderService", "DataReaderService\DataReaderService.csproj", "{0A4743A9-0AE8-46AB-8C77-BA638FAA93FE}"
EndProject
Global
	GlobalSection(SolutionConfigurationPlatforms) = preSolution
		Debug|Any CPU = Debug|Any CPU
		Release|Any CPU = Release|Any CPU
	EndGlobalSection
	GlobalSection(ProjectConfigurationPlatforms) = postSolution
		{6277718A-116B-411D-8A52-2ED2F236E795}.Debug|Any CPU.ActiveCfg = Debug|Any CPU
		{6277718A-116B-411D-8A52-2ED2F236E795}.Debug|Any CPU.Build.0 = Debug|Any CPU
		{6277718A-116B-411D-8A52-2ED2F236E795}.Release|Any CPU.ActiveCfg = Release|Any CPU
		{6277718A-116B-411D-8A52-2ED2F236E795}.Release|Any CPU.Build.0 = Release|Any CPU
		{AD7A3383-938F-4880-A491-A1581ED3920D}.Debug|Any CPU.ActiveCfg = Debug|Any CPU
		{AD7A3383-938F-4880-A491-A1581ED3920D}.Debug|Any CPU.Build.0 = Debug|Any CPU
		{AD7A3383-938F-4880-A491-A1581ED3920D}.Release|Any CPU.ActiveCfg = Release|Any CPU
		{AD7A3383-938F-4880-A491-A1581ED3920D}.Release|Any CPU.Build.0 = Release|Any CPU
		{C58F5C77-9E28-4D03-8904-FBA99009662E}.Debug|Any CPU.ActiveCfg = Debug|Any CPU
		{C58F5C77-9E28-4D03-8904-FBA99009662E}.Debug|Any CPU.Build.0 = Debug|Any CPU
		{C58F5C77-9E28-4D03-8904-FBA99009662E}.Release|Any CPU.ActiveCfg = Release|Any CPU
		{C58F5C77-9E28-4D03-8904-FBA99009662E}.Release|Any CPU.Build.0 = Release|Any CPU
		{2CDCAF7E-76C1-4BD3-B8C3-D5A995DB2121}.Debug|Any CPU.ActiveCfg = Debug|Any CPU
		{2CDCAF7E-76C1-4BD3-B8C3-D5A995DB2121}.Debug|Any CPU.Build.0 = Debug|Any CPU
		{2CDCAF7E-76C1-4BD3-B8C3-D5A995DB2121}.Release|Any CPU.ActiveCfg = Release|Any CPU
		{2CDCAF7E-76C1-4BD3-B8C3-D5A995DB2121}.Release|Any CPU.Build.0 = Release|Any CPU
		{0A4743A9-0AE8-46AB-8C77-BA638FAA93FE}.Debug|Any CPU.ActiveCfg = Debug|Any CPU
		{0A4743A9-0AE8-46AB-8C77-BA638FAA93FE}.Debug|Any CPU.Build.0 = Debug|Any CPU
		{0A4743A9-0AE8-46AB-8C77-BA638FAA93FE}.Release|Any CPU.ActiveCfg = Release|Any CPU
		{0A4743A9-0AE8-46AB-8C77-BA638FAA93FE}.Release|Any CPU.Build.0 = Release|Any CPU
	EndGlobalSection
	GlobalSection(SolutionProperties) = preSolution
		HideSolutionNode = FALSE
	EndGlobalSection
	GlobalSection(ExtensibilityGlobals) = postSolution
		SolutionGuid = {82A93D1E-1E0D-4E81-9BB9-2D3A63D11826}
	EndGlobalSection
EndGlobal
